PODS:
  - boost-for-react-native (1.63.0)
  - BVLinearGradient (2.5.6):
    - React
  - CocoaAsyncSocket (7.6.5)
  - DoubleConversion (1.1.6)
  - FBLazyVector (0.64.0)
  - FBReactNativeSpec (0.64.0):
    - RCT-Folly (= 2020.01.13.00)
    - RCTRequired (= 0.64.0)
    - RCTTypeSafety (= 0.64.0)
    - React-Core (= 0.64.0)
    - React-jsi (= 0.64.0)
    - ReactCommon/turbomodule/core (= 0.64.0)
  - FBSDKCoreKit (9.0.1):
    - FBSDKCoreKit/Basics (= 9.0.1)
    - FBSDKCoreKit/Core (= 9.0.1)
  - FBSDKCoreKit/Basics (9.0.1)
  - FBSDKCoreKit/Core (9.0.1):
    - FBSDKCoreKit/Basics
  - FBSDKLoginKit (9.0.1):
    - FBSDKLoginKit/Login (= 9.0.1)
  - FBSDKLoginKit/Login (9.0.1):
    - FBSDKCoreKit (~> 9.0.1)
  - FBSDKShareKit (9.0.1):
    - FBSDKShareKit/Share (= 9.0.1)
  - FBSDKShareKit/Share (9.0.1):
    - FBSDKCoreKit (~> 9.0.1)
  - Flipper (0.75.1):
    - Flipper-Folly (~> 2.5)
    - Flipper-RSocket (~> 1.3)
  - Flipper-DoubleConversion (1.1.7)
  - Flipper-Folly (2.5.1):
    - boost-for-react-native
    - Flipper-DoubleConversion
    - Flipper-Glog
    - libevent (~> 2.1.12)
    - OpenSSL-Universal (= 1.1.180)
  - Flipper-Glog (0.3.6)
  - Flipper-PeerTalk (0.0.4)
  - Flipper-RSocket (1.3.1):
    - Flipper-Folly (~> 2.5)
  - FlipperKit (0.75.1):
    - FlipperKit/Core (= 0.75.1)
  - FlipperKit/Core (0.75.1):
    - Flipper (~> 0.75.1)
    - FlipperKit/CppBridge
    - FlipperKit/FBCxxFollyDynamicConvert
    - FlipperKit/FBDefines
    - FlipperKit/FKPortForwarding
  - FlipperKit/CppBridge (0.75.1):
    - Flipper (~> 0.75.1)
  - FlipperKit/FBCxxFollyDynamicConvert (0.75.1):
    - Flipper-Folly (~> 2.5)
  - FlipperKit/FBDefines (0.75.1)
  - FlipperKit/FKPortForwarding (0.75.1):
    - CocoaAsyncSocket (~> 7.6)
    - Flipper-PeerTalk (~> 0.0.4)
  - FlipperKit/FlipperKitHighlightOverlay (0.75.1)
  - FlipperKit/FlipperKitLayoutPlugin (0.75.1):
    - FlipperKit/Core
    - FlipperKit/FlipperKitHighlightOverlay
    - FlipperKit/FlipperKitLayoutTextSearchable
    - YogaKit (~> 1.18)
  - FlipperKit/FlipperKitLayoutTextSearchable (0.75.1)
  - FlipperKit/FlipperKitNetworkPlugin (0.75.1):
    - FlipperKit/Core
  - FlipperKit/FlipperKitReactPlugin (0.75.1):
    - FlipperKit/Core
  - FlipperKit/FlipperKitUserDefaultsPlugin (0.75.1):
    - FlipperKit/Core
  - FlipperKit/SKIOSNetworkPlugin (0.75.1):
    - FlipperKit/Core
    - FlipperKit/FlipperKitNetworkPlugin
  - glog (0.3.5)
  - Google-Maps-iOS-Utils (2.1.0):
    - Google-Maps-iOS-Utils/Clustering (= 2.1.0)
    - Google-Maps-iOS-Utils/Geometry (= 2.1.0)
    - Google-Maps-iOS-Utils/Heatmap (= 2.1.0)
    - Google-Maps-iOS-Utils/QuadTree (= 2.1.0)
    - GoogleMaps
  - Google-Maps-iOS-Utils/Clustering (2.1.0):
    - Google-Maps-iOS-Utils/QuadTree
    - GoogleMaps
  - Google-Maps-iOS-Utils/Geometry (2.1.0):
    - GoogleMaps
  - Google-Maps-iOS-Utils/Heatmap (2.1.0):
    - Google-Maps-iOS-Utils/QuadTree
    - GoogleMaps
  - Google-Maps-iOS-Utils/QuadTree (2.1.0):
    - GoogleMaps
  - GoogleMaps (3.5.0):
    - GoogleMaps/Maps (= 3.5.0)
  - GoogleMaps/Base (3.5.0)
  - GoogleMaps/Maps (3.5.0):
    - GoogleMaps/Base
  - libevent (2.1.12)
  - LineSDKSwift (5.7.0):
    - LineSDKSwift/Core (= 5.7.0)
  - LineSDKSwift/Core (5.7.0)
  - lottie-ios (3.1.8)
  - lottie-react-native (3.5.0):
    - lottie-ios (~> 3.1.8)
    - React
  - OneSignal (2.16.1)
  - OpenSSL-Universal (1.1.180)
  - Permission-Camera (3.0.0):
    - RNPermissions
  - Permission-Notifications (3.0.0):
    - RNPermissions
  - Permission-PhotoLibrary (3.0.0):
    - RNPermissions
  - RCT-Folly (2020.01.13.00):
    - boost-for-react-native
    - DoubleConversion
    - glog
    - RCT-Folly/Default (= 2020.01.13.00)
  - RCT-Folly/Default (2020.01.13.00):
    - boost-for-react-native
    - DoubleConversion
    - glog
  - RCTRequired (0.64.0)
  - RCTTypeSafety (0.64.0):
    - FBLazyVector (= 0.64.0)
    - RCT-Folly (= 2020.01.13.00)
    - RCTRequired (= 0.64.0)
    - React-Core (= 0.64.0)
  - React (0.64.0):
    - React-Core (= 0.64.0)
    - React-Core/DevSupport (= 0.64.0)
    - React-Core/RCTWebSocket (= 0.64.0)
    - React-RCTActionSheet (= 0.64.0)
    - React-RCTAnimation (= 0.64.0)
    - React-RCTBlob (= 0.64.0)
    - React-RCTImage (= 0.64.0)
    - React-RCTLinking (= 0.64.0)
    - React-RCTNetwork (= 0.64.0)
    - React-RCTSettings (= 0.64.0)
    - React-RCTText (= 0.64.0)
    - React-RCTVibration (= 0.64.0)
  - React-callinvoker (0.64.0)
  - React-Core (0.64.0):
    - glog
    - RCT-Folly (= 2020.01.13.00)
    - React-Core/Default (= 0.64.0)
    - React-cxxreact (= 0.64.0)
    - React-jsi (= 0.64.0)
    - React-jsiexecutor (= 0.64.0)
    - React-perflogger (= 0.64.0)
    - Yoga
  - React-Core/CoreModulesHeaders (0.64.0):
    - glog
    - RCT-Folly (= 2020.01.13.00)
    - React-Core/Default
    - React-cxxreact (= 0.64.0)
    - React-jsi (= 0.64.0)
    - React-jsiexecutor (= 0.64.0)
    - React-perflogger (= 0.64.0)
    - Yoga
  - React-Core/Default (0.64.0):
    - glog
    - RCT-Folly (= 2020.01.13.00)
    - React-cxxreact (= 0.64.0)
    - React-jsi (= 0.64.0)
    - React-jsiexecutor (= 0.64.0)
    - React-perflogger (= 0.64.0)
    - Yoga
  - React-Core/DevSupport (0.64.0):
    - glog
    - RCT-Folly (= 2020.01.13.00)
    - React-Core/Default (= 0.64.0)
    - React-Core/RCTWebSocket (= 0.64.0)
    - React-cxxreact (= 0.64.0)
    - React-jsi (= 0.64.0)
    - React-jsiexecutor (= 0.64.0)
    - React-jsinspector (= 0.64.0)
    - React-perflogger (= 0.64.0)
    - Yoga
  - React-Core/RCTActionSheetHeaders (0.64.0):
    - glog
    - RCT-Folly (= 2020.01.13.00)
    - React-Core/Default
    - React-cxxreact (= 0.64.0)
    - React-jsi (= 0.64.0)
    - React-jsiexecutor (= 0.64.0)
    - React-perflogger (= 0.64.0)
    - Yoga
  - React-Core/RCTAnimationHeaders (0.64.0):
    - glog
    - RCT-Folly (= 2020.01.13.00)
    - React-Core/Default
    - React-cxxreact (= 0.64.0)
    - React-jsi (= 0.64.0)
    - React-jsiexecutor (= 0.64.0)
    - React-perflogger (= 0.64.0)
    - Yoga
  - React-Core/RCTBlobHeaders (0.64.0):
    - glog
    - RCT-Folly (= 2020.01.13.00)
    - React-Core/Default
    - React-cxxreact (= 0.64.0)
    - React-jsi (= 0.64.0)
    - React-jsiexecutor (= 0.64.0)
    - React-perflogger (= 0.64.0)
    - Yoga
  - React-Core/RCTImageHeaders (0.64.0):
    - glog
    - RCT-Folly (= 2020.01.13.00)
    - React-Core/Default
    - React-cxxreact (= 0.64.0)
    - React-jsi (= 0.64.0)
    - React-jsiexecutor (= 0.64.0)
    - React-perflogger (= 0.64.0)
    - Yoga
  - React-Core/RCTLinkingHeaders (0.64.0):
    - glog
    - RCT-Folly (= 2020.01.13.00)
    - React-Core/Default
    - React-cxxreact (= 0.64.0)
    - React-jsi (= 0.64.0)
    - React-jsiexecutor (= 0.64.0)
    - React-perflogger (= 0.64.0)
    - Yoga
  - React-Core/RCTNetworkHeaders (0.64.0):
    - glog
    - RCT-Folly (= 2020.01.13.00)
    - React-Core/Default
    - React-cxxreact (= 0.64.0)
    - React-jsi (= 0.64.0)
    - React-jsiexecutor (= 0.64.0)
    - React-perflogger (= 0.64.0)
    - Yoga
  - React-Core/RCTSettingsHeaders (0.64.0):
    - glog
    - RCT-Folly (= 2020.01.13.00)
    - React-Core/Default
    - React-cxxreact (= 0.64.0)
    - React-jsi (= 0.64.0)
    - React-jsiexecutor (= 0.64.0)
    - React-perflogger (= 0.64.0)
    - Yoga
  - React-Core/RCTTextHeaders (0.64.0):
    - glog
    - RCT-Folly (= 2020.01.13.00)
    - React-Core/Default
    - React-cxxreact (= 0.64.0)
    - React-jsi (= 0.64.0)
    - React-jsiexecutor (= 0.64.0)
    - React-perflogger (= 0.64.0)
    - Yoga
  - React-Core/RCTVibrationHeaders (0.64.0):
    - glog
    - RCT-Folly (= 2020.01.13.00)
    - React-Core/Default
    - React-cxxreact (= 0.64.0)
    - React-jsi (= 0.64.0)
    - React-jsiexecutor (= 0.64.0)
    - React-perflogger (= 0.64.0)
    - Yoga
  - React-Core/RCTWebSocket (0.64.0):
    - glog
    - RCT-Folly (= 2020.01.13.00)
    - React-Core/Default (= 0.64.0)
    - React-cxxreact (= 0.64.0)
    - React-jsi (= 0.64.0)
    - React-jsiexecutor (= 0.64.0)
    - React-perflogger (= 0.64.0)
    - Yoga
  - React-CoreModules (0.64.0):
    - FBReactNativeSpec (= 0.64.0)
    - RCT-Folly (= 2020.01.13.00)
    - RCTTypeSafety (= 0.64.0)
    - React-Core/CoreModulesHeaders (= 0.64.0)
    - React-jsi (= 0.64.0)
    - React-RCTImage (= 0.64.0)
    - ReactCommon/turbomodule/core (= 0.64.0)
  - React-cxxreact (0.64.0):
    - boost-for-react-native (= 1.63.0)
    - DoubleConversion
    - glog
    - RCT-Folly (= 2020.01.13.00)
    - React-callinvoker (= 0.64.0)
    - React-jsi (= 0.64.0)
    - React-jsinspector (= 0.64.0)
    - React-perflogger (= 0.64.0)
    - React-runtimeexecutor (= 0.64.0)
  - React-jsi (0.64.0):
    - boost-for-react-native (= 1.63.0)
    - DoubleConversion
    - glog
    - RCT-Folly (= 2020.01.13.00)
    - React-jsi/Default (= 0.64.0)
  - React-jsi/Default (0.64.0):
    - boost-for-react-native (= 1.63.0)
    - DoubleConversion
    - glog
    - RCT-Folly (= 2020.01.13.00)
  - React-jsiexecutor (0.64.0):
    - DoubleConversion
    - glog
    - RCT-Folly (= 2020.01.13.00)
    - React-cxxreact (= 0.64.0)
    - React-jsi (= 0.64.0)
    - React-perflogger (= 0.64.0)
  - React-jsinspector (0.64.0)
  - react-native-camera (3.40.0):
    - React-Core
    - react-native-camera/RCT (= 3.40.0)
    - react-native-camera/RN (= 3.40.0)
  - react-native-camera/RCT (3.40.0):
    - React-Core
  - react-native-camera/RN (3.40.0):
    - React-Core
  - react-native-cameraroll (4.0.4):
    - React-Core
  - react-native-date-picker (3.2.7):
    - React-Core
  - react-native-fbsdk-next (4.0.0):
    - React
    - react-native-fbsdk-next/Core (= 4.0.0)
    - react-native-fbsdk-next/Login (= 4.0.0)
    - react-native-fbsdk-next/Share (= 4.0.0)
  - react-native-fbsdk-next/Core (4.0.0):
    - FBSDKCoreKit (~> 9.0.1)
    - React
  - react-native-fbsdk-next/Login (4.0.0):
    - FBSDKLoginKit (~> 9.0.1)
    - React
  - react-native-fbsdk-next/Share (4.0.0):
    - FBSDKShareKit (~> 9.0.1)
    - React
  - react-native-get-random-values (1.5.0):
    - React
  - react-native-google-maps (0.27.1):
    - Google-Maps-iOS-Utils (= 2.1.0)
    - GoogleMaps (= 3.5.0)
    - React
  - react-native-image-resizer (1.4.3):
    - React-Core
  - react-native-maps (0.27.1):
    - React
  - react-native-onesignal (3.9.3):
    - OneSignal (= 2.16.1)
    - React (< 1.0.0, >= 0.13.0)
  - react-native-safe-area-context (3.1.9):
    - React-Core
  - react-native-splash-screen (3.2.0):
    - React
  - react-native-view-shot (3.1.2):
    - React
  - react-native-webview (11.0.2):
    - React-Core
  - React-perflogger (0.64.0)
  - React-RCTActionSheet (0.64.0):
    - React-Core/RCTActionSheetHeaders (= 0.64.0)
  - React-RCTAnimation (0.64.0):
    - FBReactNativeSpec (= 0.64.0)
    - RCT-Folly (= 2020.01.13.00)
    - RCTTypeSafety (= 0.64.0)
    - React-Core/RCTAnimationHeaders (= 0.64.0)
    - React-jsi (= 0.64.0)
    - ReactCommon/turbomodule/core (= 0.64.0)
  - React-RCTBlob (0.64.0):
    - FBReactNativeSpec (= 0.64.0)
    - RCT-Folly (= 2020.01.13.00)
    - React-Core/RCTBlobHeaders (= 0.64.0)
    - React-Core/RCTWebSocket (= 0.64.0)
    - React-jsi (= 0.64.0)
    - React-RCTNetwork (= 0.64.0)
    - ReactCommon/turbomodule/core (= 0.64.0)
  - React-RCTImage (0.64.0):
    - FBReactNativeSpec (= 0.64.0)
    - RCT-Folly (= 2020.01.13.00)
    - RCTTypeSafety (= 0.64.0)
    - React-Core/RCTImageHeaders (= 0.64.0)
    - React-jsi (= 0.64.0)
    - React-RCTNetwork (= 0.64.0)
    - ReactCommon/turbomodule/core (= 0.64.0)
  - React-RCTLinking (0.64.0):
    - FBReactNativeSpec (= 0.64.0)
    - React-Core/RCTLinkingHeaders (= 0.64.0)
    - React-jsi (= 0.64.0)
    - ReactCommon/turbomodule/core (= 0.64.0)
  - React-RCTNetwork (0.64.0):
    - FBReactNativeSpec (= 0.64.0)
    - RCT-Folly (= 2020.01.13.00)
    - RCTTypeSafety (= 0.64.0)
    - React-Core/RCTNetworkHeaders (= 0.64.0)
    - React-jsi (= 0.64.0)
    - ReactCommon/turbomodule/core (= 0.64.0)
  - React-RCTSettings (0.64.0):
    - FBReactNativeSpec (= 0.64.0)
    - RCT-Folly (= 2020.01.13.00)
    - RCTTypeSafety (= 0.64.0)
    - React-Core/RCTSettingsHeaders (= 0.64.0)
    - React-jsi (= 0.64.0)
    - ReactCommon/turbomodule/core (= 0.64.0)
  - React-RCTText (0.64.0):
    - React-Core/RCTTextHeaders (= 0.64.0)
  - React-RCTVibration (0.64.0):
    - FBReactNativeSpec (= 0.64.0)
    - RCT-Folly (= 2020.01.13.00)
    - React-Core/RCTVibrationHeaders (= 0.64.0)
    - React-jsi (= 0.64.0)
    - ReactCommon/turbomodule/core (= 0.64.0)
  - React-runtimeexecutor (0.64.0):
    - React-jsi (= 0.64.0)
  - ReactCommon/turbomodule/core (0.64.0):
    - DoubleConversion
    - glog
    - RCT-Folly (= 2020.01.13.00)
    - React-callinvoker (= 0.64.0)
    - React-Core (= 0.64.0)
    - React-cxxreact (= 0.64.0)
    - React-jsi (= 0.64.0)
    - React-perflogger (= 0.64.0)
  - RNAppleAuthentication (2.1.0):
    - React-Core
  - RNCAsyncStorage (1.13.2):
    - React
  - RNCMaskedView (0.1.10):
    - React
  - RNCPicker (1.8.1):
    - React-Core
  - RNCPushNotificationIOS (1.8.0):
    - React-Core
  - RNFS (2.16.6):
    - React
  - RNGestureHandler (1.9.0):
    - React-Core
  - RNImageCropPicker (0.35.2):
    - React-Core
    - React-RCTImage
    - RNImageCropPicker/QBImagePickerController (= 0.35.2)
    - TOCropViewController
  - RNImageCropPicker/QBImagePickerController (0.35.2):
    - React-Core
    - React-RCTImage
    - TOCropViewController
  - RNLine (2.1.0):
    - LineSDKSwift (~> 5.0)
    - React
  - RNPermissions (3.0.0):
    - React-Core
  - RNReanimated (1.13.2):
    - React-Core
  - RNScreens (2.16.1):
    - React-Core
  - RNShare (5.1.4):
    - React-Core
  - RNSVG (12.1.0):
    - React
  - RNVectorIcons (7.1.0):
    - React
  - TOCropViewController (2.6.0)
  - Yoga (1.14.0)
  - YogaKit (1.18.1):
    - Yoga (~> 1.14)

DEPENDENCIES:
  - BVLinearGradient (from `../node_modules/react-native-linear-gradient`)
  - DoubleConversion (from `../node_modules/react-native/third-party-podspecs/DoubleConversion.podspec`)
  - FBLazyVector (from `../node_modules/react-native/Libraries/FBLazyVector`)
  - FBReactNativeSpec (from `../node_modules/react-native/React/FBReactNativeSpec`)
  - Flipper (~> 0.75.1)
  - Flipper-DoubleConversion (= 1.1.7)
  - Flipper-Folly (~> 2.5)
  - Flipper-Glog (= 0.3.6)
  - Flipper-PeerTalk (~> 0.0.4)
  - Flipper-RSocket (~> 1.3)
  - FlipperKit (~> 0.75.1)
  - FlipperKit/Core (~> 0.75.1)
  - FlipperKit/CppBridge (~> 0.75.1)
  - FlipperKit/FBCxxFollyDynamicConvert (~> 0.75.1)
  - FlipperKit/FBDefines (~> 0.75.1)
  - FlipperKit/FKPortForwarding (~> 0.75.1)
  - FlipperKit/FlipperKitHighlightOverlay (~> 0.75.1)
  - FlipperKit/FlipperKitLayoutPlugin (~> 0.75.1)
  - FlipperKit/FlipperKitLayoutTextSearchable (~> 0.75.1)
  - FlipperKit/FlipperKitNetworkPlugin (~> 0.75.1)
  - FlipperKit/FlipperKitReactPlugin (~> 0.75.1)
  - FlipperKit/FlipperKitUserDefaultsPlugin (~> 0.75.1)
  - FlipperKit/SKIOSNetworkPlugin (~> 0.75.1)
  - glog (from `../node_modules/react-native/third-party-podspecs/glog.podspec`)
  - Google-Maps-iOS-Utils
  - GoogleMaps
  - lottie-ios (from `../node_modules/lottie-ios`)
  - lottie-react-native (from `../node_modules/lottie-react-native`)
  - Permission-Camera (from `../node_modules/react-native-permissions/ios/Camera`)
  - Permission-Notifications (from `../node_modules/react-native-permissions/ios/Notifications`)
  - Permission-PhotoLibrary (from `../node_modules/react-native-permissions/ios/PhotoLibrary`)
  - RCT-Folly (from `../node_modules/react-native/third-party-podspecs/RCT-Folly.podspec`)
  - RCTRequired (from `../node_modules/react-native/Libraries/RCTRequired`)
  - RCTTypeSafety (from `../node_modules/react-native/Libraries/TypeSafety`)
  - React (from `../node_modules/react-native/`)
  - React-callinvoker (from `../node_modules/react-native/ReactCommon/callinvoker`)
  - React-Core (from `../node_modules/react-native/`)
  - React-Core/DevSupport (from `../node_modules/react-native/`)
  - React-Core/RCTWebSocket (from `../node_modules/react-native/`)
  - React-CoreModules (from `../node_modules/react-native/React/CoreModules`)
  - React-cxxreact (from `../node_modules/react-native/ReactCommon/cxxreact`)
  - React-jsi (from `../node_modules/react-native/ReactCommon/jsi`)
  - React-jsiexecutor (from `../node_modules/react-native/ReactCommon/jsiexecutor`)
  - React-jsinspector (from `../node_modules/react-native/ReactCommon/jsinspector`)
  - react-native-camera (from `../node_modules/react-native-camera`)
  - "react-native-cameraroll (from `../node_modules/@react-native-community/cameraroll`)"
  - react-native-date-picker (from `../node_modules/react-native-date-picker`)
  - react-native-fbsdk-next (from `../node_modules/react-native-fbsdk-next`)
  - react-native-get-random-values (from `../node_modules/react-native-get-random-values`)
  - react-native-google-maps (from `../node_modules/react-native-maps`)
  - react-native-image-resizer (from `../node_modules/react-native-image-resizer`)
  - react-native-maps (from `../node_modules/react-native-maps`)
  - react-native-onesignal (from `../node_modules/react-native-onesignal`)
  - react-native-safe-area-context (from `../node_modules/react-native-safe-area-context`)
  - react-native-splash-screen (from `../node_modules/react-native-splash-screen`)
  - react-native-view-shot (from `../node_modules/react-native-view-shot`)
  - react-native-webview (from `../node_modules/react-native-webview`)
  - React-perflogger (from `../node_modules/react-native/ReactCommon/reactperflogger`)
  - React-RCTActionSheet (from `../node_modules/react-native/Libraries/ActionSheetIOS`)
  - React-RCTAnimation (from `../node_modules/react-native/Libraries/NativeAnimation`)
  - React-RCTBlob (from `../node_modules/react-native/Libraries/Blob`)
  - React-RCTImage (from `../node_modules/react-native/Libraries/Image`)
  - React-RCTLinking (from `../node_modules/react-native/Libraries/LinkingIOS`)
  - React-RCTNetwork (from `../node_modules/react-native/Libraries/Network`)
  - React-RCTSettings (from `../node_modules/react-native/Libraries/Settings`)
  - React-RCTText (from `../node_modules/react-native/Libraries/Text`)
  - React-RCTVibration (from `../node_modules/react-native/Libraries/Vibration`)
  - React-runtimeexecutor (from `../node_modules/react-native/ReactCommon/runtimeexecutor`)
  - ReactCommon/turbomodule/core (from `../node_modules/react-native/ReactCommon`)
  - "RNAppleAuthentication (from `../node_modules/@invertase/react-native-apple-authentication`)"
  - "RNCAsyncStorage (from `../node_modules/@react-native-async-storage/async-storage`)"
  - "RNCMaskedView (from `../node_modules/@react-native-community/masked-view`)"
  - "RNCPicker (from `../node_modules/@react-native-community/picker`)"
  - "RNCPushNotificationIOS (from `../node_modules/@react-native-community/push-notification-ios`)"
  - RNFS (from `../node_modules/react-native-fs`)
  - RNGestureHandler (from `../node_modules/react-native-gesture-handler`)
  - RNImageCropPicker (from `../node_modules/react-native-image-crop-picker`)
  - "RNLine (from `../node_modules/@xmartlabs/react-native-line`)"
  - RNPermissions (from `../node_modules/react-native-permissions`)
  - RNReanimated (from `../node_modules/react-native-reanimated`)
  - RNScreens (from `../node_modules/react-native-screens`)
  - RNShare (from `../node_modules/react-native-share`)
  - RNSVG (from `../node_modules/react-native-svg`)
  - RNVectorIcons (from `../node_modules/react-native-vector-icons`)
  - Yoga (from `../node_modules/react-native/ReactCommon/yoga`)

SPEC REPOS:
  trunk:
    - boost-for-react-native
    - CocoaAsyncSocket
    - FBSDKCoreKit
    - FBSDKLoginKit
    - FBSDKShareKit
    - Flipper
    - Flipper-DoubleConversion
    - Flipper-Folly
    - Flipper-Glog
    - Flipper-PeerTalk
    - Flipper-RSocket
    - FlipperKit
    - Google-Maps-iOS-Utils
    - GoogleMaps
    - libevent
    - LineSDKSwift
    - OneSignal
    - OpenSSL-Universal
    - TOCropViewController
    - YogaKit

EXTERNAL SOURCES:
  BVLinearGradient:
    :path: "../node_modules/react-native-linear-gradient"
  DoubleConversion:
    :podspec: "../node_modules/react-native/third-party-podspecs/DoubleConversion.podspec"
  FBLazyVector:
    :path: "../node_modules/react-native/Libraries/FBLazyVector"
  FBReactNativeSpec:
    :path: "../node_modules/react-native/React/FBReactNativeSpec"
  glog:
    :podspec: "../node_modules/react-native/third-party-podspecs/glog.podspec"
  lottie-ios:
    :path: "../node_modules/lottie-ios"
  lottie-react-native:
    :path: "../node_modules/lottie-react-native"
  Permission-Camera:
    :path: "../node_modules/react-native-permissions/ios/Camera"
  Permission-Notifications:
    :path: "../node_modules/react-native-permissions/ios/Notifications"
  Permission-PhotoLibrary:
    :path: "../node_modules/react-native-permissions/ios/PhotoLibrary"
  RCT-Folly:
    :podspec: "../node_modules/react-native/third-party-podspecs/RCT-Folly.podspec"
  RCTRequired:
    :path: "../node_modules/react-native/Libraries/RCTRequired"
  RCTTypeSafety:
    :path: "../node_modules/react-native/Libraries/TypeSafety"
  React:
    :path: "../node_modules/react-native/"
  React-callinvoker:
    :path: "../node_modules/react-native/ReactCommon/callinvoker"
  React-Core:
    :path: "../node_modules/react-native/"
  React-CoreModules:
    :path: "../node_modules/react-native/React/CoreModules"
  React-cxxreact:
    :path: "../node_modules/react-native/ReactCommon/cxxreact"
  React-jsi:
    :path: "../node_modules/react-native/ReactCommon/jsi"
  React-jsiexecutor:
    :path: "../node_modules/react-native/ReactCommon/jsiexecutor"
  React-jsinspector:
    :path: "../node_modules/react-native/ReactCommon/jsinspector"
  react-native-camera:
    :path: "../node_modules/react-native-camera"
  react-native-cameraroll:
    :path: "../node_modules/@react-native-community/cameraroll"
  react-native-date-picker:
    :path: "../node_modules/react-native-date-picker"
  react-native-fbsdk-next:
    :path: "../node_modules/react-native-fbsdk-next"
  react-native-get-random-values:
    :path: "../node_modules/react-native-get-random-values"
  react-native-google-maps:
    :path: "../node_modules/react-native-maps"
  react-native-image-resizer:
    :path: "../node_modules/react-native-image-resizer"
  react-native-maps:
    :path: "../node_modules/react-native-maps"
  react-native-onesignal:
    :path: "../node_modules/react-native-onesignal"
  react-native-safe-area-context:
    :path: "../node_modules/react-native-safe-area-context"
  react-native-splash-screen:
    :path: "../node_modules/react-native-splash-screen"
  react-native-view-shot:
    :path: "../node_modules/react-native-view-shot"
  react-native-webview:
    :path: "../node_modules/react-native-webview"
  React-perflogger:
    :path: "../node_modules/react-native/ReactCommon/reactperflogger"
  React-RCTActionSheet:
    :path: "../node_modules/react-native/Libraries/ActionSheetIOS"
  React-RCTAnimation:
    :path: "../node_modules/react-native/Libraries/NativeAnimation"
  React-RCTBlob:
    :path: "../node_modules/react-native/Libraries/Blob"
  React-RCTImage:
    :path: "../node_modules/react-native/Libraries/Image"
  React-RCTLinking:
    :path: "../node_modules/react-native/Libraries/LinkingIOS"
  React-RCTNetwork:
    :path: "../node_modules/react-native/Libraries/Network"
  React-RCTSettings:
    :path: "../node_modules/react-native/Libraries/Settings"
  React-RCTText:
    :path: "../node_modules/react-native/Libraries/Text"
  React-RCTVibration:
    :path: "../node_modules/react-native/Libraries/Vibration"
  React-runtimeexecutor:
    :path: "../node_modules/react-native/ReactCommon/runtimeexecutor"
  ReactCommon:
    :path: "../node_modules/react-native/ReactCommon"
  RNAppleAuthentication:
    :path: "../node_modules/@invertase/react-native-apple-authentication"
  RNCAsyncStorage:
    :path: "../node_modules/@react-native-async-storage/async-storage"
  RNCMaskedView:
    :path: "../node_modules/@react-native-community/masked-view"
  RNCPicker:
    :path: "../node_modules/@react-native-community/picker"
  RNCPushNotificationIOS:
    :path: "../node_modules/@react-native-community/push-notification-ios"
  RNFS:
    :path: "../node_modules/react-native-fs"
  RNGestureHandler:
    :path: "../node_modules/react-native-gesture-handler"
  RNImageCropPicker:
    :path: "../node_modules/react-native-image-crop-picker"
  RNLine:
    :path: "../node_modules/@xmartlabs/react-native-line"
  RNPermissions:
    :path: "../node_modules/react-native-permissions"
  RNReanimated:
    :path: "../node_modules/react-native-reanimated"
  RNScreens:
    :path: "../node_modules/react-native-screens"
  RNShare:
    :path: "../node_modules/react-native-share"
  RNSVG:
    :path: "../node_modules/react-native-svg"
  RNVectorIcons:
    :path: "../node_modules/react-native-vector-icons"
  Yoga:
    :path: "../node_modules/react-native/ReactCommon/yoga"

SPEC CHECKSUMS:
  boost-for-react-native: 39c7adb57c4e60d6c5479dd8623128eb5b3f0f2c
  BVLinearGradient: e3aad03778a456d77928f594a649e96995f1c872
  CocoaAsyncSocket: 065fd1e645c7abab64f7a6a2007a48038fdc6a99
  DoubleConversion: cf9b38bf0b2d048436d9a82ad2abe1404f11e7de
  FBLazyVector: 49cbe4b43e445b06bf29199b6ad2057649e4c8f5
  FBReactNativeSpec: 0d0613413873c055c891ff6b5593830610c90455
  FBSDKCoreKit: fada1a6a0076724678993ff05a633848765ff18c
  FBSDKLoginKit: d5ffe6d808897019ccf16feb6f0a7ab260bc5cd6
  FBSDKShareKit: 6a85acb92eaf43a0b6dfa2ba6106eb74c7f10d30
  Flipper: d3da1aa199aad94455ae725e9f3aa43f3ec17021
  Flipper-DoubleConversion: 38631e41ef4f9b12861c67d17cb5518d06badc41
  Flipper-Folly: f7a3caafbd74bda4827954fd7a6e000e36355489
  Flipper-Glog: 1dfd6abf1e922806c52ceb8701a3599a79a200a6
  Flipper-PeerTalk: 116d8f857dc6ef55c7a5a75ea3ceaafe878aadc9
  Flipper-RSocket: 127954abe8b162fcaf68d2134d34dc2bd7076154
  FlipperKit: 8a20b5c5fcf9436cac58551dc049867247f64b00
  glog: 73c2498ac6884b13ede40eda8228cb1eee9d9d62
  Google-Maps-iOS-Utils: c32891ff472eaaa1fca032beedafa1a013af7875
  GoogleMaps: 32ca02de09de357a10ac773f2c70f1986751392d
  libevent: 4049cae6c81cdb3654a443be001fb9bdceff7913
  LineSDKSwift: f9c232f89185b887b5725aa278325f3a23e33bbc
  lottie-ios: 48fac6be217c76937e36e340e2d09cf7b10b7f5f
  lottie-react-native: 1fb4ce21d6ad37dab8343eaff8719df76035bd93
  OneSignal: 5f6514ec2b931306eb067acb124afbb2e49970af
  OpenSSL-Universal: 1aa4f6a6ee7256b83db99ec1ccdaa80d10f9af9b
  Permission-Camera: 119b01de97a5b3edb637999e38476b68143b9d17
  Permission-Notifications: 5c69bf2f6c1e30345af4f25e2981dc1c8dafbc22
  Permission-PhotoLibrary: cb9cdc1e3744e26ab404297a8e289d50c8ee27e8
  RCT-Folly: ec7a233ccc97cc556cf7237f0db1ff65b986f27c
  RCTRequired: 2f8cb5b7533219bf4218a045f92768129cf7050a
  RCTTypeSafety: 512728b73549e72ad7330b92f3d42936f2a4de5b
  React: 98eac01574128a790f0bbbafe2d1a8607291ac24
  React-callinvoker: def3f7fae16192df68d9b69fd4bbb59092ee36bc
  React-Core: 70a52aa5dbe9b83befae82038451a7df9fd54c5a
  React-CoreModules: 052edef46117862e2570eb3a0f06d81c61d2c4b8
  React-cxxreact: c1dc71b30653cfb4770efdafcbdc0ad6d388baab
  React-jsi: 74341196d9547cbcbcfa4b3bbbf03af56431d5a1
  React-jsiexecutor: 06a9c77b56902ae7ffcdd7a4905f664adc5d237b
  React-jsinspector: 0ae35a37b20d5e031eb020a69cc5afdbd6406301
  react-native-camera: 35854c4f764a4a6cf61c1c3525888b92f0fe4b31
  react-native-cameraroll: 88f4e62d9ecd0e1f253abe4f685474f2ea14bfa2
  react-native-date-picker: 5b66e04e7ed02478feb77a41d254ba24f120f956
  react-native-fbsdk-next: f7c82b89362ce76911fc5655b027eab2cbbbcbf2
  react-native-get-random-values: 1404bd5cc0ab0e287f75ee1c489555688fc65f89
  react-native-google-maps: 0a989abda71059db2caa98b9dacca7a8f38a47d0
  react-native-image-resizer: 5dfbf934fe5788c11ed06ebbcdb6e6fb6beec20c
  react-native-maps: f4b89da81626ad7f151a8bfcb79733295d31ce5c
  react-native-onesignal: f92b6fae16388422f1b5d73b2c31e7000f481ae8
  react-native-safe-area-context: b6e0e284002381d2ff29fa4fff42b4d8282e3c94
  react-native-splash-screen: 200d11d188e2e78cea3ad319964f6142b6384865
  react-native-view-shot: 4475fde003fe8a210053d1f98fb9e06c1d834e1c
  react-native-webview: dfd7202ff115c44d3ea401c2f36122fb3ac79f07
  React-perflogger: 9c547d8f06b9bf00cb447f2b75e8d7f19b7e02af
  React-RCTActionSheet: 3080b6e12e0e1a5b313c8c0050699b5c794a1b11
  React-RCTAnimation: 3f96f21a497ae7dabf4d2f150ee43f906aaf516f
  React-RCTBlob: 283b8e5025e7f954176bc48164f846909002f3ed
  React-RCTImage: 5088a484faac78f2d877e1b79125d3bb1ea94a16
  React-RCTLinking: 5e8fbb3e9a8bc2e4e3eb15b1eb8bda5fcac27b8c
  React-RCTNetwork: 38ec277217b1e841d5e6a1fa78da65b9212ccb28
  React-RCTSettings: 242d6e692108c3de4f3bb74b7586a8799e9ab070
  React-RCTText: 8746736ac8eb5a4a74719aa695b7a236a93a83d2
  React-RCTVibration: 0fd6b21751a33cb72fce1a4a33ab9678416d307a
  React-runtimeexecutor: cad74a1eaa53ee6e7a3620231939d8fe2c6afcf0
  ReactCommon: cfe2b7fd20e0dbd2d1185cd7d8f99633fbc5ff05
  RNAppleAuthentication: 46cbc67739bae83ca229497f9b0038f3f5431443
  RNCAsyncStorage: 05bae7ecfab1cbd5441993f1ca098f7c3b3f8d0e
  RNCMaskedView: 5a8ec07677aa885546a0d98da336457e2bea557f
  RNCPicker: 914b557e20b3b8317b084aca9ff4b4edb95f61e4
  RNCPushNotificationIOS: 61a7c72bd1ebad3568025957d001e0f0e7b32191
  RNFS: 2bd9eb49dc82fa9676382f0585b992c424cd59df
  RNGestureHandler: 9b7e605a741412e20e13c512738a31bd1611759b
  RNImageCropPicker: 9e0bf18cf4184a846fed55747c8e622208b39947
  RNLine: b9b67a03a9228832b3ba6c40f5015169fdb264a5
  RNPermissions: 99dd8d4a30ff13509b949ca63cd1f69edc461775
  RNReanimated: e03f7425cb7a38dcf1b644d680d1bfc91c3337ad
  RNScreens: 45c457af3d2ee9e08fc01e70da87e653d46b1198
  RNShare: 8af5349f05fc042d230674dd650d19789187ff9c
  RNSVG: ce9d996113475209013317e48b05c21ee988d42e
  RNVectorIcons: bc69e6a278b14842063605de32bec61f0b251a59
  TOCropViewController: 3105367e808b7d3d886a74ff59bf4804e7d3ab38
  Yoga: 8c8436d4171c87504c648ae23b1d81242bdf3bbf
  YogaKit: f782866e155069a2cca2517aafea43200b01fd5a

PODFILE CHECKSUM: ddccec6b5d74cf7af4a526c63013e3c6fcea43f6

COCOAPODS: 1.10.1
